
Microsoft Visual Studio Solution File, Format Version 12.00
# Visual Studio 15
VisualStudioVersion = 15.0.27428.2043
MinimumVisualStudioVersion = 10.0.40219.1
Project("{FAE04EC0-301F-11D3-BF4B-00C04F79EFBC}") = "01-RhombusOfStars", "01-RhombusOfStars\01-RhombusOfStars.csproj", "{ED17FC16-2F6B-4910-AAFC-BDAE5172142B}"
EndProject
Project("{FAE04EC0-301F-11D3-BF4B-00C04F79EFBC}") = "02-PointInRectangle", "02-PointInRectangle\02-PointInRectangle.csproj", "{A9DA8241-E6DD-490C-8AE5-9F0836A3B983}"
EndProject
Project("{FAE04EC0-301F-11D3-BF4B-00C04F79EFBC}") = "03-StudentSystem", "03-StudentSystem\03-StudentSystem.csproj", "{45FB85C3-6C07-43D2-AADD-67EC34773947}"
EndProject
Project("{FAE04EC0-301F-11D3-BF4B-00C04F79EFBC}") = "04-HotelReservation", "04-HotelReservation\04-HotelReservation.csproj", "{6B0E7E55-D1E5-4310-BE8E-C7812C4BD402}"
EndProject
Global
	GlobalSection(SolutionConfigurationPlatforms) = preSolution
		Debug|Any CPU = Debug|Any CPU
		Release|Any CPU = Release|Any CPU
	EndGlobalSection
	GlobalSection(ProjectConfigurationPlatforms) = postSolution
		{ED17FC16-2F6B-4910-AAFC-BDAE5172142B}.Debug|Any CPU.ActiveCfg = Debug|Any CPU
		{ED17FC16-2F6B-4910-AAFC-BDAE5172142B}.Debug|Any CPU.Build.0 = Debug|Any CPU
		{ED17FC16-2F6B-4910-AAFC-BDAE5172142B}.Release|Any CPU.ActiveCfg = Release|Any CPU
		{ED17FC16-2F6B-4910-AAFC-BDAE5172142B}.Release|Any CPU.Build.0 = Release|Any CPU
		{A9DA8241-E6DD-490C-8AE5-9F0836A3B983}.Debug|Any CPU.ActiveCfg = Debug|Any CPU
		{A9DA8241-E6DD-490C-8AE5-9F0836A3B983}.Debug|Any CPU.Build.0 = Debug|Any CPU
		{A9DA8241-E6DD-490C-8AE5-9F0836A3B983}.Release|Any CPU.ActiveCfg = Release|Any CPU
		{A9DA8241-E6DD-490C-8AE5-9F0836A3B983}.Release|Any CPU.Build.0 = Release|Any CPU
		{45FB85C3-6C07-43D2-AADD-67EC34773947}.Debug|Any CPU.ActiveCfg = Debug|Any CPU
		{45FB85C3-6C07-43D2-AADD-67EC34773947}.Debug|Any CPU.Build.0 = Debug|Any CPU
		{45FB85C3-6C07-43D2-AADD-67EC34773947}.Release|Any CPU.ActiveCfg = Release|Any CPU
		{45FB85C3-6C07-43D2-AADD-67EC34773947}.Release|Any CPU.Build.0 = Release|Any CPU
		{6B0E7E55-D1E5-4310-BE8E-C7812C4BD402}.Debug|Any CPU.ActiveCfg = Debug|Any CPU
		{6B0E7E55-D1E5-4310-BE8E-C7812C4BD402}.Debug|Any CPU.Build.0 = Debug|Any CPU
		{6B0E7E55-D1E5-4310-BE8E-C7812C4BD402}.Release|Any CPU.ActiveCfg = Release|Any CPU
		{6B0E7E55-D1E5-4310-BE8E-C7812C4BD402}.Release|Any CPU.Build.0 = Release|Any CPU
	EndGlobalSection
	GlobalSection(SolutionProperties) = preSolution
		HideSolutionNode = FALSE
	EndGlobalSection
	GlobalSection(ExtensibilityGlobals) = postSolution
		SolutionGuid = {E78693DE-50A1-4B55-AE8E-AFACF46C5C2E}
	EndGlobalSection
EndGlobal
