
Microsoft Visual Studio Solution File, Format Version 12.00
# Visual Studio 15
VisualStudioVersion = 15.0.27703.1
MinimumVisualStudioVersion = 10.0.40219.1
Project("{FAE04EC0-301F-11D3-BF4B-00C04F79EFBC}") = "01-Shapes", "01-Shapes\01-Shapes.csproj", "{A508A295-218A-4582-BA08-DF2D8E277B8B}"
EndProject
Project("{FAE04EC0-301F-11D3-BF4B-00C04F79EFBC}") = "02-Cars", "02-Cars\02-Cars.csproj", "{D111DC5E-D9D7-4EFC-81E3-29C375A9BC44}"
EndProject
Global
	GlobalSection(SolutionConfigurationPlatforms) = preSolution
		Debug|Any CPU = Debug|Any CPU
		Release|Any CPU = Release|Any CPU
	EndGlobalSection
	GlobalSection(ProjectConfigurationPlatforms) = postSolution
		{A508A295-218A-4582-BA08-DF2D8E277B8B}.Debug|Any CPU.ActiveCfg = Debug|Any CPU
		{A508A295-218A-4582-BA08-DF2D8E277B8B}.Debug|Any CPU.Build.0 = Debug|Any CPU
		{A508A295-218A-4582-BA08-DF2D8E277B8B}.Release|Any CPU.ActiveCfg = Release|Any CPU
		{A508A295-218A-4582-BA08-DF2D8E277B8B}.Release|Any CPU.Build.0 = Release|Any CPU
		{D111DC5E-D9D7-4EFC-81E3-29C375A9BC44}.Debug|Any CPU.ActiveCfg = Debug|Any CPU
		{D111DC5E-D9D7-4EFC-81E3-29C375A9BC44}.Debug|Any CPU.Build.0 = Debug|Any CPU
		{D111DC5E-D9D7-4EFC-81E3-29C375A9BC44}.Release|Any CPU.ActiveCfg = Release|Any CPU
		{D111DC5E-D9D7-4EFC-81E3-29C375A9BC44}.Release|Any CPU.Build.0 = Release|Any CPU
	EndGlobalSection
	GlobalSection(SolutionProperties) = preSolution
		HideSolutionNode = FALSE
	EndGlobalSection
	GlobalSection(ExtensibilityGlobals) = postSolution
		SolutionGuid = {DB3A0A3E-7631-4B34-AE9F-EF7EF3789091}
	EndGlobalSection
EndGlobal
