
Microsoft Visual Studio Solution File, Format Version 12.00
# Visual Studio 15
VisualStudioVersion = 15.0.27703.2000
MinimumVisualStudioVersion = 10.0.40219.1
Project("{FAE04EC0-301F-11D3-BF4B-00C04F79EFBC}") = "StorageMaster", "StorageMaster\StorageMaster.csproj", "{EDF8434C-165C-4481-96CA-A5341C94EE49}"
EndProject
Global
	GlobalSection(SolutionConfigurationPlatforms) = preSolution
		Debug|Any CPU = Debug|Any CPU
		Release|Any CPU = Release|Any CPU
	EndGlobalSection
	GlobalSection(ProjectConfigurationPlatforms) = postSolution
		{EDF8434C-165C-4481-96CA-A5341C94EE49}.Debug|Any CPU.ActiveCfg = Debug|Any CPU
		{EDF8434C-165C-4481-96CA-A5341C94EE49}.Debug|Any CPU.Build.0 = Debug|Any CPU
		{EDF8434C-165C-4481-96CA-A5341C94EE49}.Release|Any CPU.ActiveCfg = Release|Any CPU
		{EDF8434C-165C-4481-96CA-A5341C94EE49}.Release|Any CPU.Build.0 = Release|Any CPU
	EndGlobalSection
	GlobalSection(SolutionProperties) = preSolution
		HideSolutionNode = FALSE
	EndGlobalSection
	GlobalSection(ExtensibilityGlobals) = postSolution
		SolutionGuid = {C2F71761-48D6-4989-8C80-B4D0C7B77743}
	EndGlobalSection
EndGlobal
