
Microsoft Visual Studio Solution File, Format Version 12.00
# Visual Studio 15
VisualStudioVersion = 15.0.27703.2000
MinimumVisualStudioVersion = 10.0.40219.1
Project("{FAE04EC0-301F-11D3-BF4B-00C04F79EFBC}") = "MineDraft", "MineDraft\MineDraft.csproj", "{4A312215-06F5-47AA-BDA1-FF3F937B938C}"
EndProject
Global
	GlobalSection(SolutionConfigurationPlatforms) = preSolution
		Debug|Any CPU = Debug|Any CPU
		Release|Any CPU = Release|Any CPU
	EndGlobalSection
	GlobalSection(ProjectConfigurationPlatforms) = postSolution
		{4A312215-06F5-47AA-BDA1-FF3F937B938C}.Debug|Any CPU.ActiveCfg = Debug|Any CPU
		{4A312215-06F5-47AA-BDA1-FF3F937B938C}.Debug|Any CPU.Build.0 = Debug|Any CPU
		{4A312215-06F5-47AA-BDA1-FF3F937B938C}.Release|Any CPU.ActiveCfg = Release|Any CPU
		{4A312215-06F5-47AA-BDA1-FF3F937B938C}.Release|Any CPU.Build.0 = Release|Any CPU
	EndGlobalSection
	GlobalSection(SolutionProperties) = preSolution
		HideSolutionNode = FALSE
	EndGlobalSection
	GlobalSection(ExtensibilityGlobals) = postSolution
		SolutionGuid = {84B7AF69-232B-4C4C-AEC1-06E8E8E589CC}
	EndGlobalSection
EndGlobal
